Microsoft Visual Studio Solution File, Format Version 12.00
# Visual Studio Version 17
VisualStudioVersion = 17.0.31903.59
MinimumVisualStudioVersion = 10.0.40219.1
Project("{9A19103F-16F7-4668-BE54-9A1E7A4F7556}") = "StudentAttendanceSystem.WinForms", "StudentAttendanceSystem.WinForms\StudentAttendanceSystem.WinForms.csproj", "{A1B2C3D4-E5F6-7890-1234-567890ABCDEF}"
EndProject
Project("{9A19103F-16F7-4668-BE54-9A1E7A4F7556}") = "StudentAttendanceSystem.Service", "StudentAttendanceSystem.Service\StudentAttendanceSystem.Service.csproj", "{3FA3B95D-4E69-4A33-B21F-018E8C8D91FB}"
EndProject
Project("{9A19103F-16F7-4668-BE54-9A1E7A4F7556}") = "StudentAttendanceSystem.Data", "StudentAttendanceSystem.Data\StudentAttendanceSystem.Data.csproj", "{A590B8A9-0F48-4A7F-900E-1E9EC796A711}"
EndProject
Project("{9A19103F-16F7-4668-BE54-9A1E7A4F7556}") = "StudentAttendanceSystem.Core", "StudentAttendanceSystem.Core\StudentAttendanceSystem.Core.csproj", "{33344E00-A7CC-492B-8DC4-0A598A321559}"
EndProject
Global
	GlobalSection(SolutionConfigurationPlatforms) = preSolution
		Debug|Any CPU = Debug|Any CPU
		Release|Any CPU = Release|Any CPU
	EndGlobalSection
	GlobalSection(ProjectConfigurationPlatforms) = postSolution
		{A1B2C3D4-E5F6-7890-1234-567890ABCDEF}.Debug|Any CPU.ActiveCfg = Debug|Any CPU
		{A1B2C3D4-E5F6-7890-1234-567890ABCDEF}.Debug|Any CPU.Build.0 = Debug|Any CPU
		{A1B2C3D4-E5F6-7890-1234-567890ABCDEF}.Release|Any CPU.ActiveCfg = Release|Any CPU
		{A1B2C3D4-E5F6-7890-1234-567890ABCDEF}.Release|Any CPU.Build.0 = Release|Any CPU
		{3FA3B95D-4E69-4A33-B21F-018E8C8D91FB}.Debug|Any CPU.ActiveCfg = Debug|Any CPU
		{3FA3B95D-4E69-4A33-B21F-018E8C8D91FB}.Debug|Any CPU.Build.0 = Debug|Any CPU
		{3FA3B95D-4E69-4A33-B21F-018E8C8D91FB}.Release|Any CPU.ActiveCfg = Release|Any CPU
		{3FA3B95D-4E69-4A33-B21F-018E8C8D91FB}.Release|Any CPU.Build.0 = Release|Any CPU
		{A590B8A9-0F48-4A7F-900E-1E9EC796A711}.Debug|Any CPU.ActiveCfg = Debug|Any CPU
		{A590B8A9-0F48-4A7F-900E-1E9EC796A711}.Debug|Any CPU.Build.0 = Debug|Any CPU
		{A590B8A9-0F48-4A7F-900E-1E9EC796A711}.Release|Any CPU.ActiveCfg = Release|Any CPU
		{A590B8A9-0F48-4A7F-900E-1E9EC796A711}.Release|Any CPU.Build.0 = Release|Any CPU
		{33344E00-A7CC-492B-8DC4-0A598A321559}.Debug|Any CPU.ActiveCfg = Debug|Any CPU
		{33344E00-A7CC-492B-8DC4-0A598A321559}.Debug|Any CPU.Build.0 = Debug|Any CPU
		{33344E00-A7CC-492B-8DC4-0A598A321559}.Release|Any CPU.ActiveCfg = Release|Any CPU
		{33344E00-A7CC-492B-8DC4-0A598A321559}.Release|Any CPU.Build.0 = Release|Any CPU
	EndGlobalSection
	GlobalSection(SolutionProperties) = preSolution
		HideSolutionNode = FALSE
	EndGlobalSection
	GlobalSection(ExtensibilityGlobals) = postSolution
		SolutionGuid = {12345678-9ABC-DEF0-1234-56789ABCDEFG}
	EndGlobalSection
EndGlobal
